
Microsoft Visual Studio Solution File, Format Version 12.00
# Visual Studio 15
VisualStudioVersion = 15.0.27703.2042
MinimumVisualStudioVersion = 10.0.40219.1
Project("{FAE04EC0-301F-11D3-BF4B-00C04F79EFBC}") = "MLNET.Taxy", "MLNET.Taxy\MLNET.Taxy.csproj", "{E1E512CC-A019-4F50-95B4-9F772000EA7D}"
EndProject
Global
	GlobalSection(SolutionConfigurationPlatforms) = preSolution
		Debug|Any CPU = Debug|Any CPU
		Release|Any CPU = Release|Any CPU
	EndGlobalSection
	GlobalSection(ProjectConfigurationPlatforms) = postSolution
		{E1E512CC-A019-4F50-95B4-9F772000EA7D}.Debug|Any CPU.ActiveCfg = Debug|Any CPU
		{E1E512CC-A019-4F50-95B4-9F772000EA7D}.Debug|Any CPU.Build.0 = Debug|Any CPU
		{E1E512CC-A019-4F50-95B4-9F772000EA7D}.Release|Any CPU.ActiveCfg = Release|Any CPU
		{E1E512CC-A019-4F50-95B4-9F772000EA7D}.Release|Any CPU.Build.0 = Release|Any CPU
	EndGlobalSection
	GlobalSection(SolutionProperties) = preSolution
		HideSolutionNode = FALSE
	EndGlobalSection
	GlobalSection(ExtensibilityGlobals) = postSolution
		SolutionGuid = {27E582A5-06DC-4B8B-9CA2-BD3D380439A3}
	EndGlobalSection
EndGlobal
